{
  "name": "@moretall/mono-test",
  "version": "1.0.0",
  "lockfileVersion": 2,
  "requires": true,
  "packages": {
    "": {
      "name": "@moretall/mono-test",
      "version": "1.0.0",
      "license": "ISC",
      "workspaces": [
        "./packages/*"
      ]
    },
    "node_modules/@moretall/mono-example-a": {
      "resolved": "packages/a",
      "link": true
    },
    "node_modules/@moretall/mono-example-b": {
      "resolved": "packages/b",
      "link": true
    },
    "node_modules/@moretall/mono-example-c": {
      "resolved": "packages/c",
      "link": true
    },
    "node_modules/@moretall/mono-example-d": {
      "resolved": "packages/d",
      "link": true
    },
    "node_modules/abbrev": {
      "version": "1.1.1",
      "resolved": "https://registry.npmjs.org/abbrev/-/abbrev-1.1.1.tgz",
      "integrity": "sha512-nne9/IiQ/hzIhY6pdDnbBtz7DjPTKrY00P/zvPSm5pOFkl6xuGrGnXn/VtTNNfNtAfZ9/1RtehkszU9qcTii0Q=="
    },
    "packages/a": {
      "name": "@moretall/mono-example-a",
      "version": "1.0.1",
      "license": "ISC",
      "dependencies": {
        "abbrev": "^1.1.1"
      },
      "peerDependencies": {
        "@moretall/mono-example-d": "1.0.1"
      }
    },
    "packages/b": {
      "name": "@moretall/mono-example-b",
      "version": "1.0.1",
      "license": "ISC",
      "peerDependencies": {
        "@moretall/mono-example-d": "1.0.1"
      }
    },
    "packages/c": {
      "name": "@moretall/mono-example-c",
      "version": "1.0.1",
      "license": "ISC",
      "engines": {
        "node": ">=12",
        "npm": ">=7"
      },
      "peerDependencies": {
        "@moretall/mono-example-d": "1.0.1"
      }
    },
    "packages/d": {
      "name": "@moretall/mono-example-d",
      "version": "1.0.1",
      "license": "ISC"
    }
  },
  "dependencies": {
    "@moretall/mono-example-a": {
      "version": "file:packages/a",
      "requires": {
        "abbrev": "^1.1.1"
      }
    },
    "@moretall/mono-example-b": {
      "version": "file:packages/b",
      "requires": {}
    },
    "@moretall/mono-example-c": {
      "version": "file:packages/c",
      "requires": {}
    },
    "@moretall/mono-example-d": {
      "version": "file:packages/d"
    },
    "abbrev": {
      "version": "1.1.1",
      "resolved": "https://registry.npmjs.org/abbrev/-/abbrev-1.1.1.tgz",
      "integrity": "sha512-nne9/IiQ/hzIhY6pdDnbBtz7DjPTKrY00P/zvPSm5pOFkl6xuGrGnXn/VtTNNfNtAfZ9/1RtehkszU9qcTii0Q=="
    }
  }
}
