{
  "name": "@moretall/mono-test",
  "version": "1.0.0",
  "lockfileVersion": 2,
  "requires": true,
  "packages": {
    "": {
      "name": "@moretall/mono-test",
      "version": "1.0.0",
      "license": "ISC",
      "workspaces": [
        "./packages/*"
      ],
      "dependencies": {
        "@pixi/app": "^6.2.0"
      }
    },
    "node_modules/@pixi/app": {
      "version": "6.2.0",
      "resolved": "https://registry.npmjs.org/@pixi/app/-/app-6.2.0.tgz",
      "integrity": "sha512-X/VVB/Lk0VMXsdw+A15UIG8JlVU+yREWW2TSzto+ub0l3RjrphiHULhGUYE4/hbNC5RQzHC8j+lw3sBXItx1EQ==",
      "peerDependencies": {
        "@pixi/core": "6.2.0",
        "@pixi/display": "6.2.0"
      }
    },
    "node_modules/@pixi/constants": {
      "version": "6.2.0",
      "resolved": "https://registry.npmjs.org/@pixi/constants/-/constants-6.2.0.tgz",
      "integrity": "sha512-8WzYWtx3Q/UnH4WQIF6iDHLh9N2Lh0pU2jFluRehaXWtVmvfF5pB8XYFB5wllVNBKoeyfymk0g5G6y84dZ43Pw==",
      "peer": true
    },
    "node_modules/@pixi/core": {
      "version": "6.2.0",
      "resolved": "https://registry.npmjs.org/@pixi/core/-/core-6.2.0.tgz",
      "integrity": "sha512-RpPW5LPRoTl6bB27AGXxzJeq2KksRC0lp8C40l8F1+nJUj7AUJILOAvn9KLEmCFSUuIIp4sOcD66y5iFynfmvQ==",
      "peer": true,
      "funding": {
        "type": "opencollective",
        "url": "https://opencollective.com/pixijs"
      },
      "peerDependencies": {
        "@pixi/constants": "6.2.0",
        "@pixi/math": "6.2.0",
        "@pixi/runner": "6.2.0",
        "@pixi/settings": "6.2.0",
        "@pixi/ticker": "6.2.0",
        "@pixi/utils": "6.2.0"
      }
    },
    "node_modules/@pixi/display": {
      "version": "6.2.0",
      "resolved": "https://registry.npmjs.org/@pixi/display/-/display-6.2.0.tgz",
      "integrity": "sha512-uEphbxCvr9jnWD+0zStwUn8xQlMqA3wrhm4+xsUWJmQZkS1yV5dWwtFth5bbP3lAcP2/CpK9tUF/ScnLbys7NQ==",
      "peer": true,
      "peerDependencies": {
        "@pixi/math": "6.2.0",
        "@pixi/settings": "6.2.0",
        "@pixi/utils": "6.2.0"
      }
    },
    "node_modules/@pixi/math": {
      "version": "6.2.0",
      "resolved": "https://registry.npmjs.org/@pixi/math/-/math-6.2.0.tgz",
      "integrity": "sha512-S/whcwowZdK8X594ZDL0VNdPdzgNyb9cDhwDChhbRIKyVitxZcPPQZcBxDwWmaMyyqN6GKfIBX8wGVghVOI3lw==",
      "peer": true
    },
    "node_modules/@pixi/runner": {
      "version": "6.2.0",
      "resolved": "https://registry.npmjs.org/@pixi/runner/-/runner-6.2.0.tgz",
      "integrity": "sha512-+tgO9IO+dMZhiok36AfzUWbEqhU6U+CxjF6n/iWCXElkAwj06gNXNyR7Ryib7V8NBd5opzP7XOxjZR/8A376DA==",
      "peer": true
    },
    "node_modules/@pixi/settings": {
      "version": "6.2.0",
      "resolved": "https://registry.npmjs.org/@pixi/settings/-/settings-6.2.0.tgz",
      "integrity": "sha512-nOtaM/6P6uXVJm5b4UWH41rm31fL8gT12H1pbf2qOTxqorSG/WGfXyLkSC/y8MvEMlEKJoej1S2HZKPQ/SwhZA==",
      "peer": true,
      "dependencies": {
        "ismobilejs": "^1.1.0"
      }
    },
    "node_modules/@pixi/ticker": {
      "version": "6.2.0",
      "resolved": "https://registry.npmjs.org/@pixi/ticker/-/ticker-6.2.0.tgz",
      "integrity": "sha512-6X4hP2hciTdF776qhii9yiYQev/ZTPjFvuwZSHow7l33se81ORF33HFpcLdgZ7qgBQtT10+tOx8Fr6Ihu6yeUQ==",
      "peer": true,
      "peerDependencies": {
        "@pixi/settings": "6.2.0"
      }
    },
    "node_modules/@pixi/utils": {
      "version": "6.2.0",
      "resolved": "https://registry.npmjs.org/@pixi/utils/-/utils-6.2.0.tgz",
      "integrity": "sha512-2WXNaeiDn/q64jJ7ZZUufL/vRfRVYrBJQuTk64sv8Ak1OxyTqwbfQQSfzGoyYpNZJdnAG5k8H+7u0GqJj9ts5Q==",
      "peer": true,
      "dependencies": {
        "@types/earcut": "^2.1.0",
        "earcut": "^2.2.2",
        "eventemitter3": "^3.1.0",
        "url": "^0.11.0"
      },
      "peerDependencies": {
        "@pixi/constants": "6.2.0",
        "@pixi/settings": "6.2.0"
      }
    },
    "node_modules/@types/earcut": {
      "version": "2.1.1",
      "resolved": "https://registry.npmjs.org/@types/earcut/-/earcut-2.1.1.tgz",
      "integrity": "sha512-w8oigUCDjElRHRRrMvn/spybSMyX8MTkKA5Dv+tS1IE/TgmNZPqUYtvYBXGY8cieSE66gm+szeK+bnbxC2xHTQ==",
      "peer": true
    },
    "node_modules/a": {
      "resolved": "packages/a",
      "link": true
    },
    "node_modules/abbrev": {
      "version": "1.1.1",
      "resolved": "https://registry.npmjs.org/abbrev/-/abbrev-1.1.1.tgz",
      "integrity": "sha512-nne9/IiQ/hzIhY6pdDnbBtz7DjPTKrY00P/zvPSm5pOFkl6xuGrGnXn/VtTNNfNtAfZ9/1RtehkszU9qcTii0Q=="
    },
    "node_modules/b": {
      "resolved": "packages/b",
      "link": true
    },
    "node_modules/c": {
      "resolved": "packages/c",
      "link": true
    },
    "node_modules/d": {
      "resolved": "packages/d",
      "link": true
    },
    "node_modules/earcut": {
      "version": "2.2.3",
      "resolved": "https://registry.npmjs.org/earcut/-/earcut-2.2.3.tgz",
      "integrity": "sha512-iRDI1QeCQIhMCZk48DRDMVgQSSBDmbzzNhnxIo+pwx3swkfjMh6vh0nWLq1NdvGHLKH6wIrAM3vQWeTj6qeoug==",
      "peer": true
    },
    "node_modules/eventemitter3": {
      "version": "3.1.2",
      "resolved": "https://registry.npmjs.org/eventemitter3/-/eventemitter3-3.1.2.tgz",
      "integrity": "sha512-tvtQIeLVHjDkJYnzf2dgVMxfuSGJeM/7UCG17TT4EumTfNtF+0nebF/4zWOIkCreAbtNqhGEboB6BWrwqNaw4Q==",
      "peer": true
    },
    "node_modules/ismobilejs": {
      "version": "1.1.1",
      "resolved": "https://registry.npmjs.org/ismobilejs/-/ismobilejs-1.1.1.tgz",
      "integrity": "sha512-VaFW53yt8QO61k2WJui0dHf4SlL8lxBofUuUmwBo0ljPk0Drz2TiuDW4jo3wDcv41qy/SxrJ+VAzJ/qYqsmzRw==",
      "peer": true
    },
    "node_modules/punycode": {
      "version": "1.3.2",
      "resolved": "https://registry.npmjs.org/punycode/-/punycode-1.3.2.tgz",
      "integrity": "sha1-llOgNvt8HuQjQvIyXM7v6jkmxI0=",
      "peer": true
    },
    "node_modules/querystring": {
      "version": "0.2.0",
      "resolved": "https://registry.npmjs.org/querystring/-/querystring-0.2.0.tgz",
      "integrity": "sha1-sgmEkgO7Jd+CDadW50cAWHhSFiA=",
      "deprecated": "The querystring API is considered Legacy. new code should use the URLSearchParams API instead.",
      "peer": true,
      "engines": {
        "node": ">=0.4.x"
      }
    },
    "node_modules/url": {
      "version": "0.11.0",
      "resolved": "https://registry.npmjs.org/url/-/url-0.11.0.tgz",
      "integrity": "sha1-ODjpfPxgUh63PFJajlW/3Z4uKPE=",
      "peer": true,
      "dependencies": {
        "punycode": "1.3.2",
        "querystring": "0.2.0"
      }
    },
    "packages/a": {
      "version": "1.0.0",
      "license": "ISC",
      "dependencies": {
        "abbrev": "^1.1.1"
      }
    },
    "packages/b": {
      "version": "1.0.0",
      "license": "ISC"
    },
    "packages/c": {
      "version": "1.0.0",
      "license": "ISC"
    },
    "packages/d": {
      "version": "1.0.0",
      "license": "ISC",
      "devDependencies": {}
    }
  },
  "dependencies": {
    "@pixi/app": {
      "version": "6.2.0",
      "resolved": "https://registry.npmjs.org/@pixi/app/-/app-6.2.0.tgz",
      "integrity": "sha512-X/VVB/Lk0VMXsdw+A15UIG8JlVU+yREWW2TSzto+ub0l3RjrphiHULhGUYE4/hbNC5RQzHC8j+lw3sBXItx1EQ==",
      "requires": {}
    },
    "@pixi/constants": {
      "version": "6.2.0",
      "resolved": "https://registry.npmjs.org/@pixi/constants/-/constants-6.2.0.tgz",
      "integrity": "sha512-8WzYWtx3Q/UnH4WQIF6iDHLh9N2Lh0pU2jFluRehaXWtVmvfF5pB8XYFB5wllVNBKoeyfymk0g5G6y84dZ43Pw==",
      "peer": true
    },
    "@pixi/core": {
      "version": "6.2.0",
      "resolved": "https://registry.npmjs.org/@pixi/core/-/core-6.2.0.tgz",
      "integrity": "sha512-RpPW5LPRoTl6bB27AGXxzJeq2KksRC0lp8C40l8F1+nJUj7AUJILOAvn9KLEmCFSUuIIp4sOcD66y5iFynfmvQ==",
      "peer": true,
      "requires": {}
    },
    "@pixi/display": {
      "version": "6.2.0",
      "resolved": "https://registry.npmjs.org/@pixi/display/-/display-6.2.0.tgz",
      "integrity": "sha512-uEphbxCvr9jnWD+0zStwUn8xQlMqA3wrhm4+xsUWJmQZkS1yV5dWwtFth5bbP3lAcP2/CpK9tUF/ScnLbys7NQ==",
      "peer": true,
      "requires": {}
    },
    "@pixi/math": {
      "version": "6.2.0",
      "resolved": "https://registry.npmjs.org/@pixi/math/-/math-6.2.0.tgz",
      "integrity": "sha512-S/whcwowZdK8X594ZDL0VNdPdzgNyb9cDhwDChhbRIKyVitxZcPPQZcBxDwWmaMyyqN6GKfIBX8wGVghVOI3lw==",
      "peer": true
    },
    "@pixi/runner": {
      "version": "6.2.0",
      "resolved": "https://registry.npmjs.org/@pixi/runner/-/runner-6.2.0.tgz",
      "integrity": "sha512-+tgO9IO+dMZhiok36AfzUWbEqhU6U+CxjF6n/iWCXElkAwj06gNXNyR7Ryib7V8NBd5opzP7XOxjZR/8A376DA==",
      "peer": true
    },
    "@pixi/settings": {
      "version": "6.2.0",
      "resolved": "https://registry.npmjs.org/@pixi/settings/-/settings-6.2.0.tgz",
      "integrity": "sha512-nOtaM/6P6uXVJm5b4UWH41rm31fL8gT12H1pbf2qOTxqorSG/WGfXyLkSC/y8MvEMlEKJoej1S2HZKPQ/SwhZA==",
      "peer": true,
      "requires": {
        "ismobilejs": "^1.1.0"
      }
    },
    "@pixi/ticker": {
      "version": "6.2.0",
      "resolved": "https://registry.npmjs.org/@pixi/ticker/-/ticker-6.2.0.tgz",
      "integrity": "sha512-6X4hP2hciTdF776qhii9yiYQev/ZTPjFvuwZSHow7l33se81ORF33HFpcLdgZ7qgBQtT10+tOx8Fr6Ihu6yeUQ==",
      "peer": true,
      "requires": {}
    },
    "@pixi/utils": {
      "version": "6.2.0",
      "resolved": "https://registry.npmjs.org/@pixi/utils/-/utils-6.2.0.tgz",
      "integrity": "sha512-2WXNaeiDn/q64jJ7ZZUufL/vRfRVYrBJQuTk64sv8Ak1OxyTqwbfQQSfzGoyYpNZJdnAG5k8H+7u0GqJj9ts5Q==",
      "peer": true,
      "requires": {
        "@types/earcut": "^2.1.0",
        "earcut": "^2.2.2",
        "eventemitter3": "^3.1.0",
        "url": "^0.11.0"
      }
    },
    "@types/earcut": {
      "version": "2.1.1",
      "resolved": "https://registry.npmjs.org/@types/earcut/-/earcut-2.1.1.tgz",
      "integrity": "sha512-w8oigUCDjElRHRRrMvn/spybSMyX8MTkKA5Dv+tS1IE/TgmNZPqUYtvYBXGY8cieSE66gm+szeK+bnbxC2xHTQ==",
      "peer": true
    },
    "a": {
      "version": "file:packages/a",
      "requires": {
        "abbrev": "^1.1.1"
      }
    },
    "abbrev": {
      "version": "1.1.1",
      "resolved": "https://registry.npmjs.org/abbrev/-/abbrev-1.1.1.tgz",
      "integrity": "sha512-nne9/IiQ/hzIhY6pdDnbBtz7DjPTKrY00P/zvPSm5pOFkl6xuGrGnXn/VtTNNfNtAfZ9/1RtehkszU9qcTii0Q=="
    },
    "b": {
      "version": "file:packages/b"
    },
    "c": {
      "version": "file:packages/c"
    },
    "d": {
      "version": "file:packages/d"
    },
    "earcut": {
      "version": "2.2.3",
      "resolved": "https://registry.npmjs.org/earcut/-/earcut-2.2.3.tgz",
      "integrity": "sha512-iRDI1QeCQIhMCZk48DRDMVgQSSBDmbzzNhnxIo+pwx3swkfjMh6vh0nWLq1NdvGHLKH6wIrAM3vQWeTj6qeoug==",
      "peer": true
    },
    "eventemitter3": {
      "version": "3.1.2",
      "resolved": "https://registry.npmjs.org/eventemitter3/-/eventemitter3-3.1.2.tgz",
      "integrity": "sha512-tvtQIeLVHjDkJYnzf2dgVMxfuSGJeM/7UCG17TT4EumTfNtF+0nebF/4zWOIkCreAbtNqhGEboB6BWrwqNaw4Q==",
      "peer": true
    },
    "ismobilejs": {
      "version": "1.1.1",
      "resolved": "https://registry.npmjs.org/ismobilejs/-/ismobilejs-1.1.1.tgz",
      "integrity": "sha512-VaFW53yt8QO61k2WJui0dHf4SlL8lxBofUuUmwBo0ljPk0Drz2TiuDW4jo3wDcv41qy/SxrJ+VAzJ/qYqsmzRw==",
      "peer": true
    },
    "punycode": {
      "version": "1.3.2",
      "resolved": "https://registry.npmjs.org/punycode/-/punycode-1.3.2.tgz",
      "integrity": "sha1-llOgNvt8HuQjQvIyXM7v6jkmxI0=",
      "peer": true
    },
    "querystring": {
      "version": "0.2.0",
      "resolved": "https://registry.npmjs.org/querystring/-/querystring-0.2.0.tgz",
      "integrity": "sha1-sgmEkgO7Jd+CDadW50cAWHhSFiA=",
      "peer": true
    },
    "url": {
      "version": "0.11.0",
      "resolved": "https://registry.npmjs.org/url/-/url-0.11.0.tgz",
      "integrity": "sha1-ODjpfPxgUh63PFJajlW/3Z4uKPE=",
      "peer": true,
      "requires": {
        "punycode": "1.3.2",
        "querystring": "0.2.0"
      }
    }
  }
}
